
Microsoft Visual Studio Solution File, Format Version 12.00
# Visual Studio 14
VisualStudioVersion = 14.0.25420.1
MinimumVisualStudioVersion = 10.0.40219.1
Project("{2150E333-8FDC-42A3-9474-1A3956D46DE8}") = "src", "src", "{E8BEE8D2-29F1-411F-B8E0-CA6F53064634}"
EndProject
Project("{2150E333-8FDC-42A3-9474-1A3956D46DE8}") = "Solution Items", "Solution Items", "{0238C86A-4B5C-4AE7-8F37-2B42127325DE}"
	ProjectSection(SolutionItems) = preProject
		global.json = global.json
	EndProjectSection
EndProject
Project("{8BB2217D-0F2D-49D1-97BC-3654ED321F3B}") = "Menu", "src\Menu\Menu.xproj", "{5F93AD7B-C831-40F9-8ECA-750B4A5DE78B}"
EndProject
Global
	GlobalSection(SolutionConfigurationPlatforms) = preSolution
		Debug|Any CPU = Debug|Any CPU
		Release|Any CPU = Release|Any CPU
	EndGlobalSection
	GlobalSection(ProjectConfigurationPlatforms) = postSolution
		{5F93AD7B-C831-40F9-8ECA-750B4A5DE78B}.Debug|Any CPU.ActiveCfg = Debug|Any CPU
		{5F93AD7B-C831-40F9-8ECA-750B4A5DE78B}.Debug|Any CPU.Build.0 = Debug|Any CPU
		{5F93AD7B-C831-40F9-8ECA-750B4A5DE78B}.Release|Any CPU.ActiveCfg = Release|Any CPU
		{5F93AD7B-C831-40F9-8ECA-750B4A5DE78B}.Release|Any CPU.Build.0 = Release|Any CPU
	EndGlobalSection
	GlobalSection(SolutionProperties) = preSolution
		HideSolutionNode = FALSE
	EndGlobalSection
	GlobalSection(NestedProjects) = preSolution
		{5F93AD7B-C831-40F9-8ECA-750B4A5DE78B} = {E8BEE8D2-29F1-411F-B8E0-CA6F53064634}
	EndGlobalSection
EndGlobal
